
Microsoft Visual Studio Solution File, Format Version 12.00
# Visual Studio Version 17
VisualStudioVersion = 17.8.0.0
MinimumVisualStudioVersion = 17.8.0.0
Project("{9A19103F-16F7-4668-BE54-9A1E7A4F7556}") = "AspireAzStorage.AppHost", "AspireAzStorage.AppHost\AspireAzStorage.AppHost.csproj", "{F065902E-1FB9-493A-91CA-F420ECFFB4CF}"
EndProject
Project("{9A19103F-16F7-4668-BE54-9A1E7A4F7556}") = "AspireAzStorage.ServiceDefaults", "AspireAzStorage.ServiceDefaults\AspireAzStorage.ServiceDefaults.csproj", "{A6B26A1D-C24F-4375-B47B-B62B704646D6}"
EndProject
Project("{FAE04EC0-301F-11D3-BF4B-00C04F79EFBC}") = "Api", "Api\Api.csproj", "{94FBD8AA-4291-4422-A344-F853C8F99073}"
EndProject
Global
	GlobalSection(SolutionConfigurationPlatforms) = preSolution
		Debug|Any CPU = Debug|Any CPU
		Debug|x64 = Debug|x64
		Debug|x86 = Debug|x86
		Release|Any CPU = Release|Any CPU
		Release|x64 = Release|x64
		Release|x86 = Release|x86
	EndGlobalSection
	GlobalSection(ProjectConfigurationPlatforms) = postSolution
		{F065902E-1FB9-493A-91CA-F420ECFFB4CF}.Debug|Any CPU.ActiveCfg = Debug|Any CPU
		{F065902E-1FB9-493A-91CA-F420ECFFB4CF}.Debug|Any CPU.Build.0 = Debug|Any CPU
		{F065902E-1FB9-493A-91CA-F420ECFFB4CF}.Debug|x64.ActiveCfg = Debug|Any CPU
		{F065902E-1FB9-493A-91CA-F420ECFFB4CF}.Debug|x64.Build.0 = Debug|Any CPU
		{F065902E-1FB9-493A-91CA-F420ECFFB4CF}.Debug|x86.ActiveCfg = Debug|Any CPU
		{F065902E-1FB9-493A-91CA-F420ECFFB4CF}.Debug|x86.Build.0 = Debug|Any CPU
		{F065902E-1FB9-493A-91CA-F420ECFFB4CF}.Release|Any CPU.ActiveCfg = Release|Any CPU
		{F065902E-1FB9-493A-91CA-F420ECFFB4CF}.Release|Any CPU.Build.0 = Release|Any CPU
		{F065902E-1FB9-493A-91CA-F420ECFFB4CF}.Release|x64.ActiveCfg = Release|Any CPU
		{F065902E-1FB9-493A-91CA-F420ECFFB4CF}.Release|x64.Build.0 = Release|Any CPU
		{F065902E-1FB9-493A-91CA-F420ECFFB4CF}.Release|x86.ActiveCfg = Release|Any CPU
		{F065902E-1FB9-493A-91CA-F420ECFFB4CF}.Release|x86.Build.0 = Release|Any CPU
		{A6B26A1D-C24F-4375-B47B-B62B704646D6}.Debug|Any CPU.ActiveCfg = Debug|Any CPU
		{A6B26A1D-C24F-4375-B47B-B62B704646D6}.Debug|Any CPU.Build.0 = Debug|Any CPU
		{A6B26A1D-C24F-4375-B47B-B62B704646D6}.Debug|x64.ActiveCfg = Debug|Any CPU
		{A6B26A1D-C24F-4375-B47B-B62B704646D6}.Debug|x64.Build.0 = Debug|Any CPU
		{A6B26A1D-C24F-4375-B47B-B62B704646D6}.Debug|x86.ActiveCfg = Debug|Any CPU
		{A6B26A1D-C24F-4375-B47B-B62B704646D6}.Debug|x86.Build.0 = Debug|Any CPU
		{A6B26A1D-C24F-4375-B47B-B62B704646D6}.Release|Any CPU.ActiveCfg = Release|Any CPU
		{A6B26A1D-C24F-4375-B47B-B62B704646D6}.Release|Any CPU.Build.0 = Release|Any CPU
		{A6B26A1D-C24F-4375-B47B-B62B704646D6}.Release|x64.ActiveCfg = Release|Any CPU
		{A6B26A1D-C24F-4375-B47B-B62B704646D6}.Release|x64.Build.0 = Release|Any CPU
		{A6B26A1D-C24F-4375-B47B-B62B704646D6}.Release|x86.ActiveCfg = Release|Any CPU
		{A6B26A1D-C24F-4375-B47B-B62B704646D6}.Release|x86.Build.0 = Release|Any CPU
		{94FBD8AA-4291-4422-A344-F853C8F99073}.Debug|Any CPU.ActiveCfg = Debug|Any CPU
		{94FBD8AA-4291-4422-A344-F853C8F99073}.Debug|Any CPU.Build.0 = Debug|Any CPU
		{94FBD8AA-4291-4422-A344-F853C8F99073}.Debug|x64.ActiveCfg = Debug|Any CPU
		{94FBD8AA-4291-4422-A344-F853C8F99073}.Debug|x64.Build.0 = Debug|Any CPU
		{94FBD8AA-4291-4422-A344-F853C8F99073}.Debug|x86.ActiveCfg = Debug|Any CPU
		{94FBD8AA-4291-4422-A344-F853C8F99073}.Debug|x86.Build.0 = Debug|Any CPU
		{94FBD8AA-4291-4422-A344-F853C8F99073}.Release|Any CPU.ActiveCfg = Release|Any CPU
		{94FBD8AA-4291-4422-A344-F853C8F99073}.Release|Any CPU.Build.0 = Release|Any CPU
		{94FBD8AA-4291-4422-A344-F853C8F99073}.Release|x64.ActiveCfg = Release|Any CPU
		{94FBD8AA-4291-4422-A344-F853C8F99073}.Release|x64.Build.0 = Release|Any CPU
		{94FBD8AA-4291-4422-A344-F853C8F99073}.Release|x86.ActiveCfg = Release|Any CPU
		{94FBD8AA-4291-4422-A344-F853C8F99073}.Release|x86.Build.0 = Release|Any CPU
	EndGlobalSection
	GlobalSection(SolutionProperties) = preSolution
		HideSolutionNode = FALSE
	EndGlobalSection
	GlobalSection(ExtensibilityGlobals) = postSolution
		SolutionGuid = {2A6B699D-7C55-45CA-AE67-153319EE2A84}
	EndGlobalSection
EndGlobal
